
Microsoft Visual Studio Solution File, Format Version 12.00
# Visual Studio Version 17
VisualStudioVersion = 17.1.32228.430
MinimumVisualStudioVersion = 10.0.40219.1
Project("{FAE04EC0-301F-11D3-BF4B-00C04F79EFBC}") = "ProyekPBO CRUD", "ProyekPBO CRUD.csproj", "{76D6E58D-D165-4F87-8EF9-286BAEBB1E03}"
EndProject
Global
	GlobalSection(SolutionConfigurationPlatforms) = preSolution
		Debug|Any CPU = Debug|Any CPU
		Release|Any CPU = Release|Any CPU
	EndGlobalSection
	GlobalSection(ProjectConfigurationPlatforms) = postSolution
		{76D6E58D-D165-4F87-8EF9-286BAEBB1E03}.Debug|Any CPU.ActiveCfg = Debug|Any CPU
		{76D6E58D-D165-4F87-8EF9-286BAEBB1E03}.Debug|Any CPU.Build.0 = Debug|Any CPU
		{76D6E58D-D165-4F87-8EF9-286BAEBB1E03}.Release|Any CPU.ActiveCfg = Release|Any CPU
		{76D6E58D-D165-4F87-8EF9-286BAEBB1E03}.Release|Any CPU.Build.0 = Release|Any CPU
	EndGlobalSection
	GlobalSection(SolutionProperties) = preSolution
		HideSolutionNode = FALSE
	EndGlobalSection
	GlobalSection(ExtensibilityGlobals) = postSolution
		SolutionGuid = {D246927D-556F-4662-A4E9-C8201EB5D5C3}
	EndGlobalSection
EndGlobal
